{
    "monolog/monolog": {
        "version": "2.x-dev"
    },
    "symfony/dotenv": {
        "version": "4.4.x-dev"
    },
    "symfony/flex": {
        "version": "1.9999999",
        "recipe": {
            "repo": "github.com/symfony/recipes",
            "branch": "master",
            "version": "1.0",
            "ref": "c0eeb50665f0f77226616b6038a9b06c03752d8e"
        },
        "files": [
            ".env"
        ]
    },
    "symfony/mime": {
        "version": "5.4.x-dev"
    },
    "symfony/monolog-bridge": {
        "version": "5.2.x-dev"
    },
    "symfony/monolog-bundle": {
        "version": "3.9999999",
        "recipe": {
            "repo": "github.com/symfony/recipes",
            "branch": "master",
            "version": "3.7",
            "ref": "a7bace7dbc5a7ed5608dbe2165e0774c87175fe6"
        },
        "files": [
            "config/packages/dev/monolog.yaml",
            "config/packages/prod/deprecations.yaml",
            "config/packages/prod/monolog.yaml",
            "config/packages/test/monolog.yaml"
        ]
    }
}
